
Microsoft Visual Studio Solution File, Format Version 12.00
# Visual Studio Version 17
VisualStudioVersion = 17.8.34330.188
MinimumVisualStudioVersion = 10.0.40219.1
Project("{FAE04EC0-301F-11D3-BF4B-00C04F79EFBC}") = "MathLibrary", "MathLibrary.csproj", "{F4C90CF9-44D1-4D6C-8AAF-C9DCBBF065B3}"
EndProject
Project("{FAE04EC0-301F-11D3-BF4B-00C04F79EFBC}") = "MathOperationConsole", "..\MathOperationConsole\MathOperationConsole.csproj", "{817CED24-AFE4-42C8-8E4F-429A40090B80}"
EndProject
Project("{FAE04EC0-301F-11D3-BF4B-00C04F79EFBC}") = "MathOperationsTest", "..\MathOperationsTest\MathOperationsTest.csproj", "{9A54CE31-C865-4743-9061-68FEB96E46DF}"
EndProject
Global
	GlobalSection(SolutionConfigurationPlatforms) = preSolution
		Debug|Any CPU = Debug|Any CPU
		Release|Any CPU = Release|Any CPU
	EndGlobalSection
	GlobalSection(ProjectConfigurationPlatforms) = postSolution
		{F4C90CF9-44D1-4D6C-8AAF-C9DCBBF065B3}.Debug|Any CPU.ActiveCfg = Debug|Any CPU
		{F4C90CF9-44D1-4D6C-8AAF-C9DCBBF065B3}.Debug|Any CPU.Build.0 = Debug|Any CPU
		{F4C90CF9-44D1-4D6C-8AAF-C9DCBBF065B3}.Release|Any CPU.ActiveCfg = Release|Any CPU
		{F4C90CF9-44D1-4D6C-8AAF-C9DCBBF065B3}.Release|Any CPU.Build.0 = Release|Any CPU
		{817CED24-AFE4-42C8-8E4F-429A40090B80}.Debug|Any CPU.ActiveCfg = Debug|Any CPU
		{817CED24-AFE4-42C8-8E4F-429A40090B80}.Debug|Any CPU.Build.0 = Debug|Any CPU
		{817CED24-AFE4-42C8-8E4F-429A40090B80}.Release|Any CPU.ActiveCfg = Release|Any CPU
		{817CED24-AFE4-42C8-8E4F-429A40090B80}.Release|Any CPU.Build.0 = Release|Any CPU
		{9A54CE31-C865-4743-9061-68FEB96E46DF}.Debug|Any CPU.ActiveCfg = Debug|Any CPU
		{9A54CE31-C865-4743-9061-68FEB96E46DF}.Debug|Any CPU.Build.0 = Debug|Any CPU
		{9A54CE31-C865-4743-9061-68FEB96E46DF}.Release|Any CPU.ActiveCfg = Release|Any CPU
		{9A54CE31-C865-4743-9061-68FEB96E46DF}.Release|Any CPU.Build.0 = Release|Any CPU
	EndGlobalSection
	GlobalSection(SolutionProperties) = preSolution
		HideSolutionNode = FALSE
	EndGlobalSection
	GlobalSection(ExtensibilityGlobals) = postSolution
		SolutionGuid = {E3AA4054-DCAD-489E-9AF7-7F991D96882C}
	EndGlobalSection
EndGlobal
